schema: '2.0'
stages:
  download-1D:
    cmd: bash get_1D.sh
    deps:
    - path: get_1D.sh
      hash: md5
      md5: 96db6f7798d578214c3bd29c31a50680
      size: 162
    outs:
    - path: raw
      hash: md5
      md5: 1f54a9995e381d6a4dc43c8a984de51e.dir
      size: 7432050
      nfiles: 1
  decompress-1D:
    cmd: bash bunzip2.sh
    deps:
    - path: bunzip2.sh
      hash: md5
      md5: 88b8285dabb222373d7b9e2c561d2985
      size: 78
    - path: raw
      hash: md5
      md5: d751713988987e9331980363e24189ce.dir
      size: 0
      nfiles: 0
    outs:
    - path: interim
      hash: md5
      md5: 22cfb6152b3b32219b46a1d0d2037a32.dir
      size: 45663738
      nfiles: 1
  download:
    cmd: bash scripts/download.sh
    deps:
    - path: scripts/download.sh
      hash: md5
      md5: 96261ff9fcb7b85e6cefea5fd9b9d5b1
      size: 155
      isexec: true
    outs:
    - path: raw
      hash: md5
      md5: 1f54a9995e381d6a4dc43c8a984de51e.dir
      size: 7432050
      nfiles: 1
  decompress:
    cmd: bash scripts/decompress.sh
    deps:
    - path: raw
      hash: md5
      md5: 1f54a9995e381d6a4dc43c8a984de51e.dir
      size: 7432050
      nfiles: 1
    - path: scripts/decompress.sh
      hash: md5
      md5: 6f75d2640e7d80818ef076da373aadfe
      size: 77
      isexec: true
    outs:
    - path: interim
      hash: md5
      md5: 22cfb6152b3b32219b46a1d0d2037a32.dir
      size: 45663738
      nfiles: 1
  atomgpt:
    cmd: bash scripts/atomgpt.sh
    deps:
    - path: interim
      hash: md5
      md5: 22cfb6152b3b32219b46a1d0d2037a32.dir
      size: 45663738
      nfiles: 1
    - path: scripts/atomgpt.sh
      hash: md5
      md5: 087d8465f01c7c0ffaf39470afedf8a1
      size: 214
      isexec: true
    outs:
    - path: atomgpt_ehull
      hash: md5
      md5: ac570921658d149a12f4a7878e5a6ba8.dir
      size: 10607059
      nfiles: 13296
  cdvae:
    cmd: scripts/cdvae.sh
    deps:
    - path: interim
      hash: md5
      md5: 22cfb6152b3b32219b46a1d0d2037a32.dir
      size: 45663738
      nfiles: 1
    - path: scripts/cdvae.sh
      hash: md5
      md5: 52b71689785d9bda3404a80d6a64e5ee
      size: 707
      isexec: true
    outs:
    - path: ../models/cdvae/conf/data/supercon.yaml
      hash: md5
      md5: 4bbe8823ca3c632678edbfcb587f32e2
      size: 2359
      isexec: true
    - path: ../models/cdvae/data/supercon
      hash: md5
      md5: 79553e539ed6451337bcd0753d305981.dir
      size: 14491996
      nfiles: 3
